{
  "nodes": {
    "home-manager": {
      "inputs": {
        "nixpkgs": [
          "nixpkgs"
        ]
      },
      "locked": {
        "lastModified": 1744223888,
        "narHash": "sha256-reYpe0J1J+wH34JFs7KKp0G5nP7+XSQ5z0ZLFJcfJr8=",
        "owner": "nix-community",
        "repo": "home-manager",
        "rev": "79461936709b12e17adb9c91dd02d1c66d577f09",
        "type": "github"
      },
      "original": {
        "owner": "nix-community",
        "repo": "home-manager",
        "type": "github"
      }
    },
    "home-manager_2": {
      "inputs": {
        "nixpkgs": [
          "zen-browser",
          "nixpkgs"
        ]
      },
      "locked": {
        "lastModified": 1743604125,
        "narHash": "sha256-ZD61DNbsBt1mQbinAaaEqKaJk2RFo9R/j+eYWeGMx7A=",
        "owner": "nix-community",
        "repo": "home-manager",
        "rev": "180fd43eea296e62ae68e079fcf56aba268b9a1a",
        "type": "github"
      },
      "original": {
        "owner": "nix-community",
        "repo": "home-manager",
        "type": "github"
      }
    },
    "nixpkgs": {
      "locked": {
        "lastModified": 1744098102,
        "narHash": "sha256-tzCdyIJj9AjysC3OuKA+tMD/kDEDAF9mICPDU7ix0JA=",
        "owner": "nixos",
        "repo": "nixpkgs",
        "rev": "c8cd81426f45942bb2906d5ed2fe21d2f19d95b7",
        "type": "github"
      },
      "original": {
        "owner": "nixos",
        "ref": "nixos-unstable",
        "repo": "nixpkgs",
        "type": "github"
      }
    },
    "nixpkgs-unstable": {
      "locked": {
        "lastModified": 1744098102,
        "narHash": "sha256-tzCdyIJj9AjysC3OuKA+tMD/kDEDAF9mICPDU7ix0JA=",
        "owner": "nixos",
        "repo": "nixpkgs",
        "rev": "c8cd81426f45942bb2906d5ed2fe21d2f19d95b7",
        "type": "github"
      },
      "original": {
        "owner": "nixos",
        "ref": "nixos-unstable",
        "repo": "nixpkgs",
        "type": "github"
      }
    },
    "nixpkgs_2": {
      "locked": {
        "lastModified": 1743448293,
        "narHash": "sha256-bmEPmSjJakAp/JojZRrUvNcDX2R5/nuX6bm+seVaGhs=",
        "owner": "nixos",
        "repo": "nixpkgs",
        "rev": "77b584d61ff80b4cef9245829a6f1dfad5afdfa3",
        "type": "github"
      },
      "original": {
        "owner": "nixos",
        "ref": "nixos-unstable",
        "repo": "nixpkgs",
        "type": "github"
      }
    },
    "root": {
      "inputs": {
        "home-manager": "home-manager",
        "nixpkgs": "nixpkgs",
        "nixpkgs-unstable": "nixpkgs-unstable",
        "zen-browser": "zen-browser"
      }
    },
    "zen-browser": {
      "inputs": {
        "home-manager": "home-manager_2",
        "nixpkgs": "nixpkgs_2"
      },
      "locked": {
        "lastModified": 1744280439,
        "narHash": "sha256-oiLN1kt71v19w5/4muZhXf9SGb7mkMjvLAi7wJQA2ms=",
        "owner": "0xc000022070",
        "repo": "zen-browser-flake",
        "rev": "5667f0661aa52587f1f86ed7206ddf87327616a9",
        "type": "github"
      },
      "original": {
        "owner": "0xc000022070",
        "repo": "zen-browser-flake",
        "type": "github"
      }
    }
  },
  "root": "root",
  "version": 7
}
